PODS:
  - PLVWebViewSDK (2.1.1)

DEPENDENCIES:
  - PLVWebViewSDK (= 2.1.1)

SPEC REPOS:
  https://github.com/CocoaPods/Specs.git:
    - PLVWebViewSDK

SPEC CHECKSUMS:
  PLVWebViewSDK: 7b7185daaeafcc3a27e39ef05e92fed12d35b387

PODFILE CHECKSUM: ede4978f20e1bfd61b0a15c2d5589a9d520d115d

COCOAPODS: 1.11.3
